
Microsoft Visual Studio Solution File, Format Version 12.00
# Visual Studio 14
VisualStudioVersion = 14.0.23107.0
MinimumVisualStudioVersion = 10.0.40219.1
Project("{FAE04EC0-301F-11D3-BF4B-00C04F79EFBC}") = "DFSformat", "DFSformat\DFSformat.csproj", "{E2FA5089-D3CB-4515-AEB9-75DDC4190709}"
EndProject
Project("{FAE04EC0-301F-11D3-BF4B-00C04F79EFBC}") = "DehaxOS", "DehaxOS\DehaxOS.csproj", "{002CBBC9-957B-48D3-BF89-136EA189F52A}"
EndProject
Global
	GlobalSection(SolutionConfigurationPlatforms) = preSolution
		Debug|Any CPU = Debug|Any CPU
		Release|Any CPU = Release|Any CPU
	EndGlobalSection
	GlobalSection(ProjectConfigurationPlatforms) = postSolution
		{E2FA5089-D3CB-4515-AEB9-75DDC4190709}.Debug|Any CPU.ActiveCfg = Debug|Any CPU
		{E2FA5089-D3CB-4515-AEB9-75DDC4190709}.Debug|Any CPU.Build.0 = Debug|Any CPU
		{E2FA5089-D3CB-4515-AEB9-75DDC4190709}.Release|Any CPU.ActiveCfg = Release|Any CPU
		{E2FA5089-D3CB-4515-AEB9-75DDC4190709}.Release|Any CPU.Build.0 = Release|Any CPU
		{002CBBC9-957B-48D3-BF89-136EA189F52A}.Debug|Any CPU.ActiveCfg = Debug|Any CPU
		{002CBBC9-957B-48D3-BF89-136EA189F52A}.Debug|Any CPU.Build.0 = Debug|Any CPU
		{002CBBC9-957B-48D3-BF89-136EA189F52A}.Release|Any CPU.ActiveCfg = Release|Any CPU
		{002CBBC9-957B-48D3-BF89-136EA189F52A}.Release|Any CPU.Build.0 = Release|Any CPU
	EndGlobalSection
	GlobalSection(SolutionProperties) = preSolution
		HideSolutionNode = FALSE
	EndGlobalSection
EndGlobal
